// !$*UTF8*$!
{
	archiveVersion = 1;
	classes = {
	};
	objectVersion = 46;
	objects = {

/* Begin PBXBuildFile section */
		2B47895F1BFD8E4C005499DA /* TripCollectionViewCell.swift in Sources */ = {isa = PBXBuildFile; fileRef = 2B47895E1BFD8E4C005499DA /* TripCollectionViewCell.swift */; };
		2B4789611BFD8E67005499DA /* PersonTableViewCell.swift in Sources */ = {isa = PBXBuildFile; fileRef = 2B4789601BFD8E67005499DA /* PersonTableViewCell.swift */; };
		2B4789631BFD8E90005499DA /* InviteeCollectionViewCell.swift in Sources */ = {isa = PBXBuildFile; fileRef = 2B4789621BFD8E90005499DA /* InviteeCollectionViewCell.swift */; };
		2B4789651BFD8EA4005499DA /* ActivityTableViewCell.swift in Sources */ = {isa = PBXBuildFile; fileRef = 2B4789641BFD8EA4005499DA /* ActivityTableViewCell.swift */; };
		2B4789671BFD8EB2005499DA /* TaskTableViewCell.swift in Sources */ = {isa = PBXBuildFile; fileRef = 2B4789661BFD8EB2005499DA /* TaskTableViewCell.swift */; };
		2B4789691BFE8D05005499DA /* SelectImageViewController.swift in Sources */ = {isa = PBXBuildFile; fileRef = 2B4789681BFE8D05005499DA /* SelectImageViewController.swift */; };
		2B47896B1BFE8D4A005499DA /* SelectImageCollectionViewCell.swift in Sources */ = {isa = PBXBuildFile; fileRef = 2B47896A1BFE8D4A005499DA /* SelectImageCollectionViewCell.swift */; };
		2B81E7F31C0B89F800AFC86D /* PollVoteViewController.swift in Sources */ = {isa = PBXBuildFile; fileRef = 2B81E7F21C0B89F800AFC86D /* PollVoteViewController.swift */; };
		2B81E7F51C0B8AB300AFC86D /* PollResultsViewController.swift in Sources */ = {isa = PBXBuildFile; fileRef = 2B81E7F41C0B8AB300AFC86D /* PollResultsViewController.swift */; };
		2B81E7F71C0B8BB600AFC86D /* CreateTaskViewController.swift in Sources */ = {isa = PBXBuildFile; fileRef = 2B81E7F61C0B8BB600AFC86D /* CreateTaskViewController.swift */; };
		2B81E7F91C0B8F5700AFC86D /* PollOptionTableViewCell.swift in Sources */ = {isa = PBXBuildFile; fileRef = 2B81E7F81C0B8F5700AFC86D /* PollOptionTableViewCell.swift */; };
		2B81E7FB1C0B93AC00AFC86D /* PollResultsTableViewCell.swift in Sources */ = {isa = PBXBuildFile; fileRef = 2B81E7FA1C0B93AC00AFC86D /* PollResultsTableViewCell.swift */; };
		2B81E7FD1C0BA7EC00AFC86D /* PersonTableViewCell.xib in Resources */ = {isa = PBXBuildFile; fileRef = 2B81E7FC1C0BA7EC00AFC86D /* PersonTableViewCell.xib */; };
		2B81E7FF1C0BC0DE00AFC86D /* PollOptionTableViewCell.xib in Resources */ = {isa = PBXBuildFile; fileRef = 2B81E7FE1C0BC0DE00AFC86D /* PollOptionTableViewCell.xib */; };
		2B81E8011C0BE8F600AFC86D /* TaskStatusTableViewCell.swift in Sources */ = {isa = PBXBuildFile; fileRef = 2B81E8001C0BE8F600AFC86D /* TaskStatusTableViewCell.swift */; };
		2B81E8031C0BEA3000AFC86D /* PollActivityResultTableViewCell.swift in Sources */ = {isa = PBXBuildFile; fileRef = 2B81E8021C0BEA3000AFC86D /* PollActivityResultTableViewCell.swift */; };
		2B81E8051C0D7FBA00AFC86D /* Activity.swift in Sources */ = {isa = PBXBuildFile; fileRef = 2B81E8041C0D7FBA00AFC86D /* Activity.swift */; };
		2B81E8071C0D91A300AFC86D /* TabNavigationController.swift in Sources */ = {isa = PBXBuildFile; fileRef = 2B81E8061C0D91A300AFC86D /* TabNavigationController.swift */; };
		2BD41B471C110B2F00E11A8D /* PendingPoll.swift in Sources */ = {isa = PBXBuildFile; fileRef = 2BD41B461C110B2F00E11A8D /* PendingPoll.swift */; };
		2BE5F38D1BFB01EF004CAB2A /* AppDelegate.swift in Sources */ = {isa = PBXBuildFile; fileRef = 2BE5F38C1BFB01EF004CAB2A /* AppDelegate.swift */; };
		2BE5F3941BFB01EF004CAB2A /* Main.storyboard in Resources */ = {isa = PBXBuildFile; fileRef = 2BE5F3921BFB01EF004CAB2A /* Main.storyboard */; };
		2BE5F3961BFB01EF004CAB2A /* Assets.xcassets in Resources */ = {isa = PBXBuildFile; fileRef = 2BE5F3951BFB01EF004CAB2A /* Assets.xcassets */; };
		2BE5F3991BFB01EF004CAB2A /* LaunchScreen.storyboard in Resources */ = {isa = PBXBuildFile; fileRef = 2BE5F3971BFB01EF004CAB2A /* LaunchScreen.storyboard */; };
		2BE5F3A11BFB0C9C004CAB2A /* MidwayStartViewController.swift in Sources */ = {isa = PBXBuildFile; fileRef = 2BE5F3A01BFB0C9C004CAB2A /* MidwayStartViewController.swift */; };
		5A06E0B41BFC395E0039E415 /* TripSummaryViewController.swift in Sources */ = {isa = PBXBuildFile; fileRef = 5A06E0B31BFC395E0039E415 /* TripSummaryViewController.swift */; };
		5A06E0B61BFC3A570039E415 /* EditTripViewController.swift in Sources */ = {isa = PBXBuildFile; fileRef = 5A06E0B51BFC3A570039E415 /* EditTripViewController.swift */; };
		5A06E0BA1BFC3AF00039E415 /* Trip.swift in Sources */ = {isa = PBXBuildFile; fileRef = 5A06E0B91BFC3AF00039E415 /* Trip.swift */; };
		5A06E0BC1BFC3CDA0039E415 /* Person.swift in Sources */ = {isa = PBXBuildFile; fileRef = 5A06E0BB1BFC3CDA0039E415 /* Person.swift */; };
		5A06E0BE1BFC3CED0039E415 /* Task.swift in Sources */ = {isa = PBXBuildFile; fileRef = 5A06E0BD1BFC3CED0039E415 /* Task.swift */; };
		5A06E0C01BFC3D050039E415 /* Poll.swift in Sources */ = {isa = PBXBuildFile; fileRef = 5A06E0BF1BFC3D050039E415 /* Poll.swift */; };
		5A06E0C21BFC3F870039E415 /* Event.swift in Sources */ = {isa = PBXBuildFile; fileRef = 5A06E0C11BFC3F870039E415 /* Event.swift */; };
		5A06E0C61BFC43E50039E415 /* TripListViewController.swift in Sources */ = {isa = PBXBuildFile; fileRef = 5A06E0C51BFC43E50039E415 /* TripListViewController.swift */; };
		5A06E0C81BFC53F50039E415 /* Constants.swift in Sources */ = {isa = PBXBuildFile; fileRef = 5A06E0C71BFC53F50039E415 /* Constants.swift */; };
		5ABC0BF01C0568DA001882A3 /* CreateActivityViewController.swift in Sources */ = {isa = PBXBuildFile; fileRef = 5ABC0BEF1C0568DA001882A3 /* CreateActivityViewController.swift */; };
		5ABC0BF21C056B55001882A3 /* PollActivityViewController.swift in Sources */ = {isa = PBXBuildFile; fileRef = 5ABC0BF11C056B55001882A3 /* PollActivityViewController.swift */; };
		5ABC0BF41C0576DD001882A3 /* MemberStatusViewController.swift in Sources */ = {isa = PBXBuildFile; fileRef = 5ABC0BF31C0576DD001882A3 /* MemberStatusViewController.swift */; };
/* End PBXBuildFile section */

/* Begin PBXFileReference section */
		2B47895E1BFD8E4C005499DA /* TripCollectionViewCell.swift */ = {isa = PBXFileReference; fileEncoding = 4; lastKnownFileType = sourcecode.swift; path = TripCollectionViewCell.swift; sourceTree = "<group>"; };
		2B4789601BFD8E67005499DA /* PersonTableViewCell.swift */ = {isa = PBXFileReference; fileEncoding = 4; lastKnownFileType = sourcecode.swift; path = PersonTableViewCell.swift; sourceTree = "<group>"; };
		2B4789621BFD8E90005499DA /* InviteeCollectionViewCell.swift */ = {isa = PBXFileReference; fileEncoding = 4; lastKnownFileType = sourcecode.swift; path = InviteeCollectionViewCell.swift; sourceTree = "<group>"; };
		2B4789641BFD8EA4005499DA /* ActivityTableViewCell.swift */ = {isa = PBXFileReference; fileEncoding = 4; lastKnownFileType = sourcecode.swift; path = ActivityTableViewCell.swift; sourceTree = "<group>"; };
		2B4789661BFD8EB2005499DA /* TaskTableViewCell.swift */ = {isa = PBXFileReference; fileEncoding = 4; lastKnownFileType = sourcecode.swift; path = TaskTableViewCell.swift; sourceTree = "<group>"; };
		2B4789681BFE8D05005499DA /* SelectImageViewController.swift */ = {isa = PBXFileReference; fileEncoding = 4; lastKnownFileType = sourcecode.swift; path = SelectImageViewController.swift; sourceTree = "<group>"; };
		2B47896A1BFE8D4A005499DA /* SelectImageCollectionViewCell.swift */ = {isa = PBXFileReference; fileEncoding = 4; lastKnownFileType = sourcecode.swift; path = SelectImageCollectionViewCell.swift; sourceTree = "<group>"; };
		2B81E7F21C0B89F800AFC86D /* PollVoteViewController.swift */ = {isa = PBXFileReference; fileEncoding = 4; lastKnownFileType = sourcecode.swift; path = PollVoteViewController.swift; sourceTree = "<group>"; };
		2B81E7F41C0B8AB300AFC86D /* PollResultsViewController.swift */ = {isa = PBXFileReference; fileEncoding = 4; lastKnownFileType = sourcecode.swift; path = PollResultsViewController.swift; sourceTree = "<group>"; };
		2B81E7F61C0B8BB600AFC86D /* CreateTaskViewController.swift */ = {isa = PBXFileReference; fileEncoding = 4; lastKnownFileType = sourcecode.swift; path = CreateTaskViewController.swift; sourceTree = "<group>"; };
		2B81E7F81C0B8F5700AFC86D /* PollOptionTableViewCell.swift */ = {isa = PBXFileReference; fileEncoding = 4; lastKnownFileType = sourcecode.swift; path = PollOptionTableViewCell.swift; sourceTree = "<group>"; };
		2B81E7FA1C0B93AC00AFC86D /* PollResultsTableViewCell.swift */ = {isa = PBXFileReference; fileEncoding = 4; lastKnownFileType = sourcecode.swift; path = PollResultsTableViewCell.swift; sourceTree = "<group>"; };
		2B81E7FC1C0BA7EC00AFC86D /* PersonTableViewCell.xib */ = {isa = PBXFileReference; fileEncoding = 4; lastKnownFileType = file.xib; path = PersonTableViewCell.xib; sourceTree = "<group>"; };
		2B81E7FE1C0BC0DE00AFC86D /* PollOptionTableViewCell.xib */ = {isa = PBXFileReference; fileEncoding = 4; lastKnownFileType = file.xib; path = PollOptionTableViewCell.xib; sourceTree = "<group>"; };
		2B81E8001C0BE8F600AFC86D /* TaskStatusTableViewCell.swift */ = {isa = PBXFileReference; fileEncoding = 4; lastKnownFileType = sourcecode.swift; path = TaskStatusTableViewCell.swift; sourceTree = "<group>"; };
		2B81E8021C0BEA3000AFC86D /* PollActivityResultTableViewCell.swift */ = {isa = PBXFileReference; fileEncoding = 4; lastKnownFileType = sourcecode.swift; path = PollActivityResultTableViewCell.swift; sourceTree = "<group>"; };
		2B81E8041C0D7FBA00AFC86D /* Activity.swift */ = {isa = PBXFileReference; fileEncoding = 4; lastKnownFileType = sourcecode.swift; path = Activity.swift; sourceTree = "<group>"; };
		2B81E8061C0D91A300AFC86D /* TabNavigationController.swift */ = {isa = PBXFileReference; fileEncoding = 4; lastKnownFileType = sourcecode.swift; path = TabNavigationController.swift; sourceTree = "<group>"; };
		2BD41B461C110B2F00E11A8D /* PendingPoll.swift */ = {isa = PBXFileReference; fileEncoding = 4; lastKnownFileType = sourcecode.swift; path = PendingPoll.swift; sourceTree = "<group>"; };
		2BE5F3891BFB01EF004CAB2A /* instagator-prototype.app */ = {isa = PBXFileReference; explicitFileType = wrapper.application; includeInIndex = 0; path = "instagator-prototype.app"; sourceTree = BUILT_PRODUCTS_DIR; };
		2BE5F38C1BFB01EF004CAB2A /* AppDelegate.swift */ = {isa = PBXFileReference; lastKnownFileType = sourcecode.swift; path = AppDelegate.swift; sourceTree = "<group>"; };
		2BE5F3931BFB01EF004CAB2A /* Base */ = {isa = PBXFileReference; lastKnownFileType = file.storyboard; name = Base; path = Base.lproj/Main.storyboard; sourceTree = "<group>"; };
		2BE5F3951BFB01EF004CAB2A /* Assets.xcassets */ = {isa = PBXFileReference; lastKnownFileType = folder.assetcatalog; path = Assets.xcassets; sourceTree = "<group>"; };
		2BE5F3981BFB01EF004CAB2A /* Base */ = {isa = PBXFileReference; lastKnownFileType = file.storyboard; name = Base; path = Base.lproj/LaunchScreen.storyboard; sourceTree = "<group>"; };
		2BE5F39A1BFB01EF004CAB2A /* Info.plist */ = {isa = PBXFileReference; lastKnownFileType = text.plist.xml; path = Info.plist; sourceTree = "<group>"; };
		2BE5F3A01BFB0C9C004CAB2A /* MidwayStartViewController.swift */ = {isa = PBXFileReference; fileEncoding = 4; lastKnownFileType = sourcecode.swift; path = MidwayStartViewController.swift; sourceTree = "<group>"; };
		5A06E0B31BFC395E0039E415 /* TripSummaryViewController.swift */ = {isa = PBXFileReference; fileEncoding = 4; lastKnownFileType = sourcecode.swift; path = TripSummaryViewController.swift; sourceTree = "<group>"; };
		5A06E0B51BFC3A570039E415 /* EditTripViewController.swift */ = {isa = PBXFileReference; fileEncoding = 4; lastKnownFileType = sourcecode.swift; path = EditTripViewController.swift; sourceTree = "<group>"; };
		5A06E0B91BFC3AF00039E415 /* Trip.swift */ = {isa = PBXFileReference; fileEncoding = 4; lastKnownFileType = sourcecode.swift; path = Trip.swift; sourceTree = "<group>"; };
		5A06E0BB1BFC3CDA0039E415 /* Person.swift */ = {isa = PBXFileReference; fileEncoding = 4; lastKnownFileType = sourcecode.swift; path = Person.swift; sourceTree = "<group>"; };
		5A06E0BD1BFC3CED0039E415 /* Task.swift */ = {isa = PBXFileReference; fileEncoding = 4; lastKnownFileType = sourcecode.swift; path = Task.swift; sourceTree = "<group>"; };
		5A06E0BF1BFC3D050039E415 /* Poll.swift */ = {isa = PBXFileReference; fileEncoding = 4; lastKnownFileType = sourcecode.swift; path = Poll.swift; sourceTree = "<group>"; };
		5A06E0C11BFC3F870039E415 /* Event.swift */ = {isa = PBXFileReference; fileEncoding = 4; lastKnownFileType = sourcecode.swift; path = Event.swift; sourceTree = "<group>"; };
		5A06E0C51BFC43E50039E415 /* TripListViewController.swift */ = {isa = PBXFileReference; fileEncoding = 4; lastKnownFileType = sourcecode.swift; path = TripListViewController.swift; sourceTree = "<group>"; };
		5A06E0C71BFC53F50039E415 /* Constants.swift */ = {isa = PBXFileReference; fileEncoding = 4; lastKnownFileType = sourcecode.swift; path = Constants.swift; sourceTree = "<group>"; };
		5ABC0BEF1C0568DA001882A3 /* CreateActivityViewController.swift */ = {isa = PBXFileReference; fileEncoding = 4; lastKnownFileType = sourcecode.swift; path = CreateActivityViewController.swift; sourceTree = "<group>"; };
		5ABC0BF11C056B55001882A3 /* PollActivityViewController.swift */ = {isa = PBXFileReference; fileEncoding = 4; lastKnownFileType = sourcecode.swift; path = PollActivityViewController.swift; sourceTree = "<group>"; };
		5ABC0BF31C0576DD001882A3 /* MemberStatusViewController.swift */ = {isa = PBXFileReference; fileEncoding = 4; lastKnownFileType = sourcecode.swift; path = MemberStatusViewController.swift; sourceTree = "<group>"; };
/* End PBXFileReference section */

/* Begin PBXFrameworksBuildPhase section */
		2BE5F3861BFB01EF004CAB2A /* Frameworks */ = {
			isa = PBXFrameworksBuildPhase;
			buildActionMask = 2147483647;
			files = (
			);
			runOnlyForDeploymentPostprocessing = 0;
		};
/* End PBXFrameworksBuildPhase section */

/* Begin PBXGroup section */
		2B47895D1BFD8E3B005499DA /* Views */ = {
			isa = PBXGroup;
			children = (
				2B4789641BFD8EA4005499DA /* ActivityTableViewCell.swift */,
				2B4789621BFD8E90005499DA /* InviteeCollectionViewCell.swift */,
				2B4789601BFD8E67005499DA /* PersonTableViewCell.swift */,
				2B81E7FC1C0BA7EC00AFC86D /* PersonTableViewCell.xib */,
				2B81E8021C0BEA3000AFC86D /* PollActivityResultTableViewCell.swift */,
				2B81E7F81C0B8F5700AFC86D /* PollOptionTableViewCell.swift */,
				2B81E7FE1C0BC0DE00AFC86D /* PollOptionTableViewCell.xib */,
				2B81E7FA1C0B93AC00AFC86D /* PollResultsTableViewCell.swift */,
				2B81E8001C0BE8F600AFC86D /* TaskStatusTableViewCell.swift */,
				2B4789661BFD8EB2005499DA /* TaskTableViewCell.swift */,
				2B47895E1BFD8E4C005499DA /* TripCollectionViewCell.swift */,
				2B47896A1BFE8D4A005499DA /* SelectImageCollectionViewCell.swift */,
			);
			name = Views;
			sourceTree = "<group>";
		};
		2BE5F3801BFB01EF004CAB2A = {
			isa = PBXGroup;
			children = (
				2BE5F38B1BFB01EF004CAB2A /* instagator-prototype */,
				2BE5F38A1BFB01EF004CAB2A /* Products */,
			);
			sourceTree = "<group>";
		};
		2BE5F38A1BFB01EF004CAB2A /* Products */ = {
			isa = PBXGroup;
			children = (
				2BE5F3891BFB01EF004CAB2A /* instagator-prototype.app */,
			);
			name = Products;
			sourceTree = "<group>";
		};
		2BE5F38B1BFB01EF004CAB2A /* instagator-prototype */ = {
			isa = PBXGroup;
			children = (
				2B47895D1BFD8E3B005499DA /* Views */,
				5A06E0B81BFC3ABB0039E415 /* Models */,
				5A06E0B71BFC3A940039E415 /* Controllers */,
				2BE5F38C1BFB01EF004CAB2A /* AppDelegate.swift */,
				2BE5F3921BFB01EF004CAB2A /* Main.storyboard */,
				2BE5F3951BFB01EF004CAB2A /* Assets.xcassets */,
				2BE5F3971BFB01EF004CAB2A /* LaunchScreen.storyboard */,
				2BE5F39A1BFB01EF004CAB2A /* Info.plist */,
				5A06E0C71BFC53F50039E415 /* Constants.swift */,
			);
			path = "instagator-prototype";
			sourceTree = "<group>";
		};
		5A06E0B71BFC3A940039E415 /* Controllers */ = {
			isa = PBXGroup;
			children = (
				5ABC0BEF1C0568DA001882A3 /* CreateActivityViewController.swift */,
				2B81E7F61C0B8BB600AFC86D /* CreateTaskViewController.swift */,
				5A06E0B51BFC3A570039E415 /* EditTripViewController.swift */,
				5ABC0BF31C0576DD001882A3 /* MemberStatusViewController.swift */,
				2BE5F3A01BFB0C9C004CAB2A /* MidwayStartViewController.swift */,
				5ABC0BF11C056B55001882A3 /* PollActivityViewController.swift */,
				2B81E7F41C0B8AB300AFC86D /* PollResultsViewController.swift */,
				2B81E7F21C0B89F800AFC86D /* PollVoteViewController.swift */,
				2B4789681BFE8D05005499DA /* SelectImageViewController.swift */,
				2B81E8061C0D91A300AFC86D /* TabNavigationController.swift */,
				5A06E0C51BFC43E50039E415 /* TripListViewController.swift */,
				5A06E0B31BFC395E0039E415 /* TripSummaryViewController.swift */,
			);
			name = Controllers;
			sourceTree = "<group>";
		};
		5A06E0B81BFC3ABB0039E415 /* Models */ = {
			isa = PBXGroup;
			children = (
				2B81E8041C0D7FBA00AFC86D /* Activity.swift */,
				5A06E0C11BFC3F870039E415 /* Event.swift */,
				5A06E0BB1BFC3CDA0039E415 /* Person.swift */,
				5A06E0BF1BFC3D050039E415 /* Poll.swift */,
				2BD41B461C110B2F00E11A8D /* PendingPoll.swift */,
				5A06E0B91BFC3AF00039E415 /* Trip.swift */,
				5A06E0BD1BFC3CED0039E415 /* Task.swift */,
			);
			name = Models;
			sourceTree = "<group>";
		};
/* End PBXGroup section */

/* Begin PBXNativeTarget section */
		2BE5F3881BFB01EF004CAB2A /* instagator-prototype */ = {
			isa = PBXNativeTarget;
			buildConfigurationList = 2BE5F39D1BFB01EF004CAB2A /* Build configuration list for PBXNativeTarget "instagator-prototype" */;
			buildPhases = (
				2BE5F3851BFB01EF004CAB2A /* Sources */,
				2BE5F3861BFB01EF004CAB2A /* Frameworks */,
				2BE5F3871BFB01EF004CAB2A /* Resources */,
			);
			buildRules = (
			);
			dependencies = (
			);
			name = "instagator-prototype";
			productName = "instagator-prototype";
			productReference = 2BE5F3891BFB01EF004CAB2A /* instagator-prototype.app */;
			productType = "com.apple.product-type.application";
		};
/* End PBXNativeTarget section */

/* Begin PBXProject section */
		2BE5F3811BFB01EF004CAB2A /* Project object */ = {
			isa = PBXProject;
			attributes = {
				LastSwiftUpdateCheck = 0710;
				LastUpgradeCheck = 0710;
				ORGANIZATIONNAME = ThePenguins;
				TargetAttributes = {
					2BE5F3881BFB01EF004CAB2A = {
						CreatedOnToolsVersion = 7.1.1;
					};
				};
			};
			buildConfigurationList = 2BE5F3841BFB01EF004CAB2A /* Build configuration list for PBXProject "instagator-prototype" */;
			compatibilityVersion = "Xcode 3.2";
			developmentRegion = English;
			hasScannedForEncodings = 0;
			knownRegions = (
				en,
				Base,
			);
			mainGroup = 2BE5F3801BFB01EF004CAB2A;
			productRefGroup = 2BE5F38A1BFB01EF004CAB2A /* Products */;
			projectDirPath = "";
			projectRoot = "";
			targets = (
				2BE5F3881BFB01EF004CAB2A /* instagator-prototype */,
			);
		};
/* End PBXProject section */

/* Begin PBXResourcesBuildPhase section */
		2BE5F3871BFB01EF004CAB2A /* Resources */ = {
			isa = PBXResourcesBuildPhase;
			buildActionMask = 2147483647;
			files = (
				2B81E7FF1C0BC0DE00AFC86D /* PollOptionTableViewCell.xib in Resources */,
				2BE5F3991BFB01EF004CAB2A /* LaunchScreen.storyboard in Resources */,
				2BE5F3961BFB01EF004CAB2A /* Assets.xcassets in Resources */,
				2B81E7FD1C0BA7EC00AFC86D /* PersonTableViewCell.xib in Resources */,
				2BE5F3941BFB01EF004CAB2A /* Main.storyboard in Resources */,
			);
			runOnlyForDeploymentPostprocessing = 0;
		};
/* End PBXResourcesBuildPhase section */

/* Begin PBXSourcesBuildPhase section */
		2BE5F3851BFB01EF004CAB2A /* Sources */ = {
			isa = PBXSourcesBuildPhase;
			buildActionMask = 2147483647;
			files = (
				2B81E7F51C0B8AB300AFC86D /* PollResultsViewController.swift in Sources */,
				5ABC0BF21C056B55001882A3 /* PollActivityViewController.swift in Sources */,
				5A06E0C01BFC3D050039E415 /* Poll.swift in Sources */,
				5A06E0C21BFC3F870039E415 /* Event.swift in Sources */,
				2B81E7F31C0B89F800AFC86D /* PollVoteViewController.swift in Sources */,
				2B4789611BFD8E67005499DA /* PersonTableViewCell.swift in Sources */,
				2BE5F38D1BFB01EF004CAB2A /* AppDelegate.swift in Sources */,
				5ABC0BF41C0576DD001882A3 /* MemberStatusViewController.swift in Sources */,
				2B81E7FB1C0B93AC00AFC86D /* PollResultsTableViewCell.swift in Sources */,
				2B81E8031C0BEA3000AFC86D /* PollActivityResultTableViewCell.swift in Sources */,
				2B4789691BFE8D05005499DA /* SelectImageViewController.swift in Sources */,
				2B4789631BFD8E90005499DA /* InviteeCollectionViewCell.swift in Sources */,
				2B81E8071C0D91A300AFC86D /* TabNavigationController.swift in Sources */,
				5ABC0BF01C0568DA001882A3 /* CreateActivityViewController.swift in Sources */,
				2BD41B471C110B2F00E11A8D /* PendingPoll.swift in Sources */,
				2BE5F3A11BFB0C9C004CAB2A /* MidwayStartViewController.swift in Sources */,
				5A06E0B61BFC3A570039E415 /* EditTripViewController.swift in Sources */,
				2B81E7F91C0B8F5700AFC86D /* PollOptionTableViewCell.swift in Sources */,
				2B4789651BFD8EA4005499DA /* ActivityTableViewCell.swift in Sources */,
				5A06E0B41BFC395E0039E415 /* TripSummaryViewController.swift in Sources */,
				2B81E8011C0BE8F600AFC86D /* TaskStatusTableViewCell.swift in Sources */,
				5A06E0C81BFC53F50039E415 /* Constants.swift in Sources */,
				2B47896B1BFE8D4A005499DA /* SelectImageCollectionViewCell.swift in Sources */,
				5A06E0BA1BFC3AF00039E415 /* Trip.swift in Sources */,
				5A06E0BC1BFC3CDA0039E415 /* Person.swift in Sources */,
				5A06E0C61BFC43E50039E415 /* TripListViewController.swift in Sources */,
				2B81E7F71C0B8BB600AFC86D /* CreateTaskViewController.swift in Sources */,
				2B81E8051C0D7FBA00AFC86D /* Activity.swift in Sources */,
				5A06E0BE1BFC3CED0039E415 /* Task.swift in Sources */,
				2B4789671BFD8EB2005499DA /* TaskTableViewCell.swift in Sources */,
				2B47895F1BFD8E4C005499DA /* TripCollectionViewCell.swift in Sources */,
			);
			runOnlyForDeploymentPostprocessing = 0;
		};
/* End PBXSourcesBuildPhase section */

/* Begin PBXVariantGroup section */
		2BE5F3921BFB01EF004CAB2A /* Main.storyboard */ = {
			isa = PBXVariantGroup;
			children = (
				2BE5F3931BFB01EF004CAB2A /* Base */,
			);
			name = Main.storyboard;
			sourceTree = "<group>";
		};
		2BE5F3971BFB01EF004CAB2A /* LaunchScreen.storyboard */ = {
			isa = PBXVariantGroup;
			children = (
				2BE5F3981BFB01EF004CAB2A /* Base */,
			);
			name = LaunchScreen.storyboard;
			sourceTree = "<group>";
		};
/* End PBXVariantGroup section */

/* Begin XCBuildConfiguration section */
		2BE5F39B1BFB01EF004CAB2A /* Debug */ = {
			isa = XCBuildConfiguration;
			buildSettings = {
				ALWAYS_SEARCH_USER_PATHS = NO;
				CLANG_CXX_LANGUAGE_STANDARD = "gnu++0x";
				CLANG_CXX_LIBRARY = "libc++";
				CLANG_ENABLE_MODULES = YES;
				CLANG_ENABLE_OBJC_ARC = YES;
				CLANG_WARN_BOOL_CONVERSION = YES;
				CLANG_WARN_CONSTANT_CONVERSION = YES;
				CLANG_WARN_DIRECT_OBJC_ISA_USAGE = YES_ERROR;
				CLANG_WARN_EMPTY_BODY = YES;
				CLANG_WARN_ENUM_CONVERSION = YES;
				CLANG_WARN_INT_CONVERSION = YES;
				CLANG_WARN_OBJC_ROOT_CLASS = YES_ERROR;
				CLANG_WARN_UNREACHABLE_CODE = YES;
				CLANG_WARN__DUPLICATE_METHOD_MATCH = YES;
				"CODE_SIGN_IDENTITY[sdk=iphoneos*]" = "iPhone Developer";
				COPY_PHASE_STRIP = NO;
				DEBUG_INFORMATION_FORMAT = dwarf;
				ENABLE_STRICT_OBJC_MSGSEND = YES;
				ENABLE_TESTABILITY = YES;
				GCC_C_LANGUAGE_STANDARD = gnu99;
				GCC_DYNAMIC_NO_PIC = NO;
				GCC_NO_COMMON_BLOCKS = YES;
				GCC_OPTIMIZATION_LEVEL = 0;
				GCC_PREPROCESSOR_DEFINITIONS = (
					"DEBUG=1",
					"$(inherited)",
				);
				GCC_WARN_64_TO_32_BIT_CONVERSION = YES;
				GCC_WARN_ABOUT_RETURN_TYPE = YES_ERROR;
				GCC_WARN_UNDECLARED_SELECTOR = YES;
				GCC_WARN_UNINITIALIZED_AUTOS = YES_AGGRESSIVE;
				GCC_WARN_UNUSED_FUNCTION = YES;
				GCC_WARN_UNUSED_VARIABLE = YES;
				IPHONEOS_DEPLOYMENT_TARGET = 9.1;
				MTL_ENABLE_DEBUG_INFO = YES;
				ONLY_ACTIVE_ARCH = YES;
				SDKROOT = iphoneos;
				SWIFT_OPTIMIZATION_LEVEL = "-Onone";
				TARGETED_DEVICE_FAMILY = 2;
			};
			name = Debug;
		};
		2BE5F39C1BFB01EF004CAB2A /* Release */ = {
			isa = XCBuildConfiguration;
			buildSettings = {
				ALWAYS_SEARCH_USER_PATHS = NO;
				CLANG_CXX_LANGUAGE_STANDARD = "gnu++0x";
				CLANG_CXX_LIBRARY = "libc++";
				CLANG_ENABLE_MODULES = YES;
				CLANG_ENABLE_OBJC_ARC = YES;
				CLANG_WARN_BOOL_CONVERSION = YES;
				CLANG_WARN_CONSTANT_CONVERSION = YES;
				CLANG_WARN_DIRECT_OBJC_ISA_USAGE = YES_ERROR;
				CLANG_WARN_EMPTY_BODY = YES;
				CLANG_WARN_ENUM_CONVERSION = YES;
				CLANG_WARN_INT_CONVERSION = YES;
				CLANG_WARN_OBJC_ROOT_CLASS = YES_ERROR;
				CLANG_WARN_UNREACHABLE_CODE = YES;
				CLANG_WARN__DUPLICATE_METHOD_MATCH = YES;
				"CODE_SIGN_IDENTITY[sdk=iphoneos*]" = "iPhone Developer";
				COPY_PHASE_STRIP = NO;
				DEBUG_INFORMATION_FORMAT = "dwarf-with-dsym";
				ENABLE_NS_ASSERTIONS = NO;
				ENABLE_STRICT_OBJC_MSGSEND = YES;
				GCC_C_LANGUAGE_STANDARD = gnu99;
				GCC_NO_COMMON_BLOCKS = YES;
				GCC_WARN_64_TO_32_BIT_CONVERSION = YES;
				GCC_WARN_ABOUT_RETURN_TYPE = YES_ERROR;
				GCC_WARN_UNDECLARED_SELECTOR = YES;
				GCC_WARN_UNINITIALIZED_AUTOS = YES_AGGRESSIVE;
				GCC_WARN_UNUSED_FUNCTION = YES;
				GCC_WARN_UNUSED_VARIABLE = YES;
				IPHONEOS_DEPLOYMENT_TARGET = 9.1;
				MTL_ENABLE_DEBUG_INFO = NO;
				SDKROOT = iphoneos;
				TARGETED_DEVICE_FAMILY = 2;
				VALIDATE_PRODUCT = YES;
			};
			name = Release;
		};
		2BE5F39E1BFB01EF004CAB2A /* Debug */ = {
			isa = XCBuildConfiguration;
			buildSettings = {
				ASSETCATALOG_COMPILER_APPICON_NAME = AppIcon;
				INFOPLIST_FILE = "instagator-prototype/Info.plist";
				LD_RUNPATH_SEARCH_PATHS = "$(inherited) @executable_path/Frameworks";
				PRODUCT_BUNDLE_IDENTIFIER = "com.instagator-prototype";
				PRODUCT_NAME = "$(TARGET_NAME)";
			};
			name = Debug;
		};
		2BE5F39F1BFB01EF004CAB2A /* Release */ = {
			isa = XCBuildConfiguration;
			buildSettings = {
				ASSETCATALOG_COMPILER_APPICON_NAME = AppIcon;
				INFOPLIST_FILE = "instagator-prototype/Info.plist";
				LD_RUNPATH_SEARCH_PATHS = "$(inherited) @executable_path/Frameworks";
				PRODUCT_BUNDLE_IDENTIFIER = "com.instagator-prototype";
				PRODUCT_NAME = "$(TARGET_NAME)";
			};
			name = Release;
		};
/* End XCBuildConfiguration section */

/* Begin XCConfigurationList section */
		2BE5F3841BFB01EF004CAB2A /* Build configuration list for PBXProject "instagator-prototype" */ = {
			isa = XCConfigurationList;
			buildConfigurations = (
				2BE5F39B1BFB01EF004CAB2A /* Debug */,
				2BE5F39C1BFB01EF004CAB2A /* Release */,
			);
			defaultConfigurationIsVisible = 0;
			defaultConfigurationName = Release;
		};
		2BE5F39D1BFB01EF004CAB2A /* Build configuration list for PBXNativeTarget "instagator-prototype" */ = {
			isa = XCConfigurationList;
			buildConfigurations = (
				2BE5F39E1BFB01EF004CAB2A /* Debug */,
				2BE5F39F1BFB01EF004CAB2A /* Release */,
			);
			defaultConfigurationIsVisible = 0;
			defaultConfigurationName = Release;
		};
/* End XCConfigurationList section */
	};
	rootObject = 2BE5F3811BFB01EF004CAB2A /* Project object */;
}
